
Microsoft Visual Studio Solution File, Format Version 12.00
# Visual Studio 14
VisualStudioVersion = 14.0.25420.1
MinimumVisualStudioVersion = 10.0.40219.1
Project("{2150E333-8FDC-42A3-9474-1A3956D46DE8}") = "Web", "Web", "{464F7464-CA93-44A5-90C8-6D5CDE315BBB}"
EndProject
Project("{FAE04EC0-301F-11D3-BF4B-00C04F79EFBC}") = "MyMvcProject.Web", "MyMvcProject.Web\MyMvcProject.Web.csproj", "{A8880899-3046-4B46-AA88-044670605B47}"
EndProject
Project("{2150E333-8FDC-42A3-9474-1A3956D46DE8}") = "Data", "Data", "{DF2D7840-5E34-4B74-8E42-A4D2C5482796}"
EndProject
Project("{2150E333-8FDC-42A3-9474-1A3956D46DE8}") = "Services", "Services", "{FEE937EB-1A06-443F-ABB2-304E74D65F18}"
EndProject
Project("{2150E333-8FDC-42A3-9474-1A3956D46DE8}") = "Tests", "Tests", "{2D868CAC-0AF6-4172-AD12-6364F319DC7D}"
EndProject
Global
	GlobalSection(SolutionConfigurationPlatforms) = preSolution
		Debug|Any CPU = Debug|Any CPU
		Release|Any CPU = Release|Any CPU
	EndGlobalSection
	GlobalSection(ProjectConfigurationPlatforms) = postSolution
		{A8880899-3046-4B46-AA88-044670605B47}.Debug|Any CPU.ActiveCfg = Debug|Any CPU
		{A8880899-3046-4B46-AA88-044670605B47}.Debug|Any CPU.Build.0 = Debug|Any CPU
		{A8880899-3046-4B46-AA88-044670605B47}.Release|Any CPU.ActiveCfg = Release|Any CPU
		{A8880899-3046-4B46-AA88-044670605B47}.Release|Any CPU.Build.0 = Release|Any CPU
	EndGlobalSection
	GlobalSection(SolutionProperties) = preSolution
		HideSolutionNode = FALSE
	EndGlobalSection
	GlobalSection(NestedProjects) = preSolution
		{A8880899-3046-4B46-AA88-044670605B47} = {464F7464-CA93-44A5-90C8-6D5CDE315BBB}
	EndGlobalSection
EndGlobal
